<?xml version="1.0" encoding="UTF-8" standalone="yes" ?>
<CodeBlocks_project_file>
	<FileVersion major="1" minor="6" />
	<Project>
		<Option title="projekat" />
		<Option pch_mode="2" />
		<Option compiler="gcc" />
		<Build>
			<Target title="Debug">
				<Option output="bin/Debug/projekat" prefix_auto="1" extension_auto="1" />
				<Option object_output="obj/Debug/" />
				<Option type="1" />
				<Option compiler="gcc" />
				<Compiler>
					<Add option="-g" />
				</Compiler>
			</Target>
			<Target title="Release">
				<Option output="bin/Release/projekat" prefix_auto="1" extension_auto="1" />
				<Option object_output="obj/Release/" />
				<Option type="1" />
				<Option compiler="gcc" />
				<Compiler>
					<Add option="-O2" />
				</Compiler>
				<Linker>
					<Add option="-s" />
				</Linker>
			</Target>
		</Build>
		<Compiler>
			<Add option="-Wall" />
			<Add option="-fexceptions" />
		</Compiler>
		<Unit filename="Bazen.hpp" />
		<Unit filename="Igrac.hpp" />
		<Unit filename="Igraci.txt" />
		<Unit filename="Kompanija.hpp" />
		<Unit filename="Osoba.hpp" />
		<Unit filename="Pol.hpp" />
		<Unit filename="Rekreativac.hpp" />
		<Unit filename="Rekreativac.txt" />
		<Unit filename="Sponzor.hpp" />
		<Unit filename="SportskiCentar.hpp" />
		<Unit filename="SportskiObjekat.hpp" />
		<Unit filename="Teretana.hpp" />
		<Unit filename="Tim.hpp" />
		<Unit filename="Trener.hpp" />
		<Unit filename="Ugovor.hpp" />
		<Unit filename="fajl.hpp" />
		<Unit filename="main.cpp" />
		<Extensions>
			<lib_finder disable_auto="1" />
		</Extensions>
	</Project>
</CodeBlocks_project_file>
